// !$*UTF8*$!
{
	archiveVersion = 1;
	classes = {
	};
	objectVersion = 56;
	objects = {

/* Begin PBXBuildFile section */
		58EDC21A2A0568CD009CBE74 /* AppDelegate.swift in Sources */ = {isa = PBXBuildFile; fileRef = 58EDC2192A0568CD009CBE74 /* AppDelegate.swift */; };
		58EDC21C2A0568CD009CBE74 /* SceneDelegate.swift in Sources */ = {isa = PBXBuildFile; fileRef = 58EDC21B2A0568CD009CBE74 /* SceneDelegate.swift */; };
		58EDC21E2A0568CD009CBE74 /* ViewController.swift in Sources */ = {isa = PBXBuildFile; fileRef = 58EDC21D2A0568CD009CBE74 /* ViewController.swift */; };
		58EDC2232A0568CE009CBE74 /* Assets.xcassets in Resources */ = {isa = PBXBuildFile; fileRef = 58EDC2222A0568CE009CBE74 /* Assets.xcassets */; };
		58EDC2262A0568CE009CBE74 /* LaunchScreen.storyboard in Resources */ = {isa = PBXBuildFile; fileRef = 58EDC2242A0568CE009CBE74 /* LaunchScreen.storyboard */; };
		58EDC22F2A056A7D009CBE74 /* Then in Frameworks */ = {isa = PBXBuildFile; productRef = 58EDC22E2A056A7D009CBE74 /* Then */; };
		58EDC2322A056AB1009CBE74 /* SnapKit in Frameworks */ = {isa = PBXBuildFile; productRef = 58EDC2312A056AB1009CBE74 /* SnapKit */; };
		58EDC2342A057299009CBE74 /* logo.png in Resources */ = {isa = PBXBuildFile; fileRef = 58EDC2332A057299009CBE74 /* logo.png */; };
/* End PBXBuildFile section */

/* Begin PBXFileReference section */
		58EDC2162A0568CD009CBE74 /* ReEd_iOS.app */ = {isa = PBXFileReference; explicitFileType = wrapper.application; includeInIndex = 0; path = ReEd_iOS.app; sourceTree = BUILT_PRODUCTS_DIR; };
		58EDC2192A0568CD009CBE74 /* AppDelegate.swift */ = {isa = PBXFileReference; lastKnownFileType = sourcecode.swift; path = AppDelegate.swift; sourceTree = "<group>"; };
		58EDC21B2A0568CD009CBE74 /* SceneDelegate.swift */ = {isa = PBXFileReference; lastKnownFileType = sourcecode.swift; path = SceneDelegate.swift; sourceTree = "<group>"; };
		58EDC21D2A0568CD009CBE74 /* ViewController.swift */ = {isa = PBXFileReference; lastKnownFileType = sourcecode.swift; path = ViewController.swift; sourceTree = "<group>"; };
		58EDC2222A0568CE009CBE74 /* Assets.xcassets */ = {isa = PBXFileReference; lastKnownFileType = folder.assetcatalog; path = Assets.xcassets; sourceTree = "<group>"; };
		58EDC2252A0568CE009CBE74 /* Base */ = {isa = PBXFileReference; lastKnownFileType = file.storyboard; name = Base; path = Base.lproj/LaunchScreen.storyboard; sourceTree = "<group>"; };
		58EDC2272A0568CE009CBE74 /* Info.plist */ = {isa = PBXFileReference; lastKnownFileType = text.plist.xml; path = Info.plist; sourceTree = "<group>"; };
		58EDC2332A057299009CBE74 /* logo.png */ = {isa = PBXFileReference; lastKnownFileType = image.png; name = logo.png; path = "../../../Downloads/ReEd 로고/배경투명 밑에 글씨/logo.png"; sourceTree = "<group>"; };
/* End PBXFileReference section */

/* Begin PBXFrameworksBuildPhase section */
		58EDC2132A0568CD009CBE74 /* Frameworks */ = {
			isa = PBXFrameworksBuildPhase;
			buildActionMask = 2147483647;
			files = (
				58EDC22F2A056A7D009CBE74 /* Then in Frameworks */,
				58EDC2322A056AB1009CBE74 /* SnapKit in Frameworks */,
			);
			runOnlyForDeploymentPostprocessing = 0;
		};
/* End PBXFrameworksBuildPhase section */

/* Begin PBXGroup section */
		58EDC20D2A0568CD009CBE74 = {
			isa = PBXGroup;
			children = (
				58EDC2182A0568CD009CBE74 /* ReEd_iOS */,
				58EDC2172A0568CD009CBE74 /* Products */,
			);
			sourceTree = "<group>";
		};
		58EDC2172A0568CD009CBE74 /* Products */ = {
			isa = PBXGroup;
			children = (
				58EDC2162A0568CD009CBE74 /* ReEd_iOS.app */,
			);
			name = Products;
			sourceTree = "<group>";
		};
		58EDC2182A0568CD009CBE74 /* ReEd_iOS */ = {
			isa = PBXGroup;
			children = (
				58EDC2192A0568CD009CBE74 /* AppDelegate.swift */,
				58EDC21B2A0568CD009CBE74 /* SceneDelegate.swift */,
				58EDC21D2A0568CD009CBE74 /* ViewController.swift */,
				58EDC2222A0568CE009CBE74 /* Assets.xcassets */,
				58EDC2242A0568CE009CBE74 /* LaunchScreen.storyboard */,
				58EDC2272A0568CE009CBE74 /* Info.plist */,
				58EDC2332A057299009CBE74 /* logo.png */,
			);
			path = ReEd_iOS;
			sourceTree = "<group>";
		};
/* End PBXGroup section */

/* Begin PBXNativeTarget section */
		58EDC2152A0568CD009CBE74 /* ReEd_iOS */ = {
			isa = PBXNativeTarget;
			buildConfigurationList = 58EDC22A2A0568CE009CBE74 /* Build configuration list for PBXNativeTarget "ReEd_iOS" */;
			buildPhases = (
				58EDC2122A0568CD009CBE74 /* Sources */,
				58EDC2132A0568CD009CBE74 /* Frameworks */,
				58EDC2142A0568CD009CBE74 /* Resources */,
			);
			buildRules = (
			);
			dependencies = (
			);
			name = ReEd_iOS;
			packageProductDependencies = (
				58EDC22E2A056A7D009CBE74 /* Then */,
				58EDC2312A056AB1009CBE74 /* SnapKit */,
			);
			productName = ReEd_iOS;
			productReference = 58EDC2162A0568CD009CBE74 /* ReEd_iOS.app */;
			productType = "com.apple.product-type.application";
		};
/* End PBXNativeTarget section */

/* Begin PBXProject section */
		58EDC20E2A0568CD009CBE74 /* Project object */ = {
			isa = PBXProject;
			attributes = {
				BuildIndependentTargetsInParallel = 1;
				LastSwiftUpdateCheck = 1430;
				LastUpgradeCheck = 1430;
				TargetAttributes = {
					58EDC2152A0568CD009CBE74 = {
						CreatedOnToolsVersion = 14.3;
					};
				};
			};
			buildConfigurationList = 58EDC2112A0568CD009CBE74 /* Build configuration list for PBXProject "ReEd_iOS" */;
			compatibilityVersion = "Xcode 14.0";
			developmentRegion = en;
			hasScannedForEncodings = 0;
			knownRegions = (
				en,
				Base,
			);
			mainGroup = 58EDC20D2A0568CD009CBE74;
			packageReferences = (
				58EDC22D2A056A7D009CBE74 /* XCRemoteSwiftPackageReference "Then" */,
				58EDC2302A056AB1009CBE74 /* XCRemoteSwiftPackageReference "SnapKit" */,
			);
			productRefGroup = 58EDC2172A0568CD009CBE74 /* Products */;
			projectDirPath = "";
			projectRoot = "";
			targets = (
				58EDC2152A0568CD009CBE74 /* ReEd_iOS */,
			);
		};
/* End PBXProject section */

/* Begin PBXResourcesBuildPhase section */
		58EDC2142A0568CD009CBE74 /* Resources */ = {
			isa = PBXResourcesBuildPhase;
			buildActionMask = 2147483647;
			files = (
				58EDC2342A057299009CBE74 /* logo.png in Resources */,
				58EDC2262A0568CE009CBE74 /* LaunchScreen.storyboard in Resources */,
				58EDC2232A0568CE009CBE74 /* Assets.xcassets in Resources */,
			);
			runOnlyForDeploymentPostprocessing = 0;
		};
/* End PBXResourcesBuildPhase section */

/* Begin PBXSourcesBuildPhase section */
		58EDC2122A0568CD009CBE74 /* Sources */ = {
			isa = PBXSourcesBuildPhase;
			buildActionMask = 2147483647;
			files = (
				58EDC21E2A0568CD009CBE74 /* ViewController.swift in Sources */,
				58EDC21A2A0568CD009CBE74 /* AppDelegate.swift in Sources */,
				58EDC21C2A0568CD009CBE74 /* SceneDelegate.swift in Sources */,
			);
			runOnlyForDeploymentPostprocessing = 0;
		};
/* End PBXSourcesBuildPhase section */

/* Begin PBXVariantGroup section */
		58EDC2242A0568CE009CBE74 /* LaunchScreen.storyboard */ = {
			isa = PBXVariantGroup;
			children = (
				58EDC2252A0568CE009CBE74 /* Base */,
			);
			name = LaunchScreen.storyboard;
			sourceTree = "<group>";
		};
/* End PBXVariantGroup section */

/* Begin XCBuildConfiguration section */
		58EDC2282A0568CE009CBE74 /* Debug */ = {
			isa = XCBuildConfiguration;
			buildSettings = {
				ALWAYS_SEARCH_USER_PATHS = NO;
				CLANG_ANALYZER_NONNULL = YES;
				CLANG_ANALYZER_NUMBER_OBJECT_CONVERSION = YES_AGGRESSIVE;
				CLANG_CXX_LANGUAGE_STANDARD = "gnu++20";
				CLANG_ENABLE_MODULES = YES;
				CLANG_ENABLE_OBJC_ARC = YES;
				CLANG_ENABLE_OBJC_WEAK = YES;
				CLANG_WARN_BLOCK_CAPTURE_AUTORELEASING = YES;
				CLANG_WARN_BOOL_CONVERSION = YES;
				CLANG_WARN_COMMA = YES;
				CLANG_WARN_CONSTANT_CONVERSION = YES;
				CLANG_WARN_DEPRECATED_OBJC_IMPLEMENTATIONS = YES;
				CLANG_WARN_DIRECT_OBJC_ISA_USAGE = YES_ERROR;
				CLANG_WARN_DOCUMENTATION_COMMENTS = YES;
				CLANG_WARN_EMPTY_BODY = YES;
				CLANG_WARN_ENUM_CONVERSION = YES;
				CLANG_WARN_INFINITE_RECURSION = YES;
				CLANG_WARN_INT_CONVERSION = YES;
				CLANG_WARN_NON_LITERAL_NULL_CONVERSION = YES;
				CLANG_WARN_OBJC_IMPLICIT_RETAIN_SELF = YES;
				CLANG_WARN_OBJC_LITERAL_CONVERSION = YES;
				CLANG_WARN_OBJC_ROOT_CLASS = YES_ERROR;
				CLANG_WARN_QUOTED_INCLUDE_IN_FRAMEWORK_HEADER = YES;
				CLANG_WARN_RANGE_LOOP_ANALYSIS = YES;
				CLANG_WARN_STRICT_PROTOTYPES = YES;
				CLANG_WARN_SUSPICIOUS_MOVE = YES;
				CLANG_WARN_UNGUARDED_AVAILABILITY = YES_AGGRESSIVE;
				CLANG_WARN_UNREACHABLE_CODE = YES;
				CLANG_WARN__DUPLICATE_METHOD_MATCH = YES;
				COPY_PHASE_STRIP = NO;
				DEBUG_INFORMATION_FORMAT = dwarf;
				ENABLE_STRICT_OBJC_MSGSEND = YES;
				ENABLE_TESTABILITY = YES;
				GCC_C_LANGUAGE_STANDARD = gnu11;
				GCC_DYNAMIC_NO_PIC = NO;
				GCC_NO_COMMON_BLOCKS = YES;
				GCC_OPTIMIZATION_LEVEL = 0;
				GCC_PREPROCESSOR_DEFINITIONS = (
					"DEBUG=1",
					"$(inherited)",
				);
				GCC_WARN_64_TO_32_BIT_CONVERSION = YES;
				GCC_WARN_ABOUT_RETURN_TYPE = YES_ERROR;
				GCC_WARN_UNDECLARED_SELECTOR = YES;
				GCC_WARN_UNINITIALIZED_AUTOS = YES_AGGRESSIVE;
				GCC_WARN_UNUSED_FUNCTION = YES;
				GCC_WARN_UNUSED_VARIABLE = YES;
				IPHONEOS_DEPLOYMENT_TARGET = 16.4;
				MTL_ENABLE_DEBUG_INFO = INCLUDE_SOURCE;
				MTL_FAST_MATH = YES;
				ONLY_ACTIVE_ARCH = YES;
				SDKROOT = iphoneos;
				SWIFT_ACTIVE_COMPILATION_CONDITIONS = DEBUG;
				SWIFT_OPTIMIZATION_LEVEL = "-Onone";
			};
			name = Debug;
		};
		58EDC2292A0568CE009CBE74 /* Release */ = {
			isa = XCBuildConfiguration;
			buildSettings = {
				ALWAYS_SEARCH_USER_PATHS = NO;
				CLANG_ANALYZER_NONNULL = YES;
				CLANG_ANALYZER_NUMBER_OBJECT_CONVERSION = YES_AGGRESSIVE;
				CLANG_CXX_LANGUAGE_STANDARD = "gnu++20";
				CLANG_ENABLE_MODULES = YES;
				CLANG_ENABLE_OBJC_ARC = YES;
				CLANG_ENABLE_OBJC_WEAK = YES;
				CLANG_WARN_BLOCK_CAPTURE_AUTORELEASING = YES;
				CLANG_WARN_BOOL_CONVERSION = YES;
				CLANG_WARN_COMMA = YES;
				CLANG_WARN_CONSTANT_CONVERSION = YES;
				CLANG_WARN_DEPRECATED_OBJC_IMPLEMENTATIONS = YES;
				CLANG_WARN_DIRECT_OBJC_ISA_USAGE = YES_ERROR;
				CLANG_WARN_DOCUMENTATION_COMMENTS = YES;
				CLANG_WARN_EMPTY_BODY = YES;
				CLANG_WARN_ENUM_CONVERSION = YES;
				CLANG_WARN_INFINITE_RECURSION = YES;
				CLANG_WARN_INT_CONVERSION = YES;
				CLANG_WARN_NON_LITERAL_NULL_CONVERSION = YES;
				CLANG_WARN_OBJC_IMPLICIT_RETAIN_SELF = YES;
				CLANG_WARN_OBJC_LITERAL_CONVERSION = YES;
				CLANG_WARN_OBJC_ROOT_CLASS = YES_ERROR;
				CLANG_WARN_QUOTED_INCLUDE_IN_FRAMEWORK_HEADER = YES;
				CLANG_WARN_RANGE_LOOP_ANALYSIS = YES;
				CLANG_WARN_STRICT_PROTOTYPES = YES;
				CLANG_WARN_SUSPICIOUS_MOVE = YES;
				CLANG_WARN_UNGUARDED_AVAILABILITY = YES_AGGRESSIVE;
				CLANG_WARN_UNREACHABLE_CODE = YES;
				CLANG_WARN__DUPLICATE_METHOD_MATCH = YES;
				COPY_PHASE_STRIP = NO;
				DEBUG_INFORMATION_FORMAT = "dwarf-with-dsym";
				ENABLE_NS_ASSERTIONS = NO;
				ENABLE_STRICT_OBJC_MSGSEND = YES;
				GCC_C_LANGUAGE_STANDARD = gnu11;
				GCC_NO_COMMON_BLOCKS = YES;
				GCC_WARN_64_TO_32_BIT_CONVERSION = YES;
				GCC_WARN_ABOUT_RETURN_TYPE = YES_ERROR;
				GCC_WARN_UNDECLARED_SELECTOR = YES;
				GCC_WARN_UNINITIALIZED_AUTOS = YES_AGGRESSIVE;
				GCC_WARN_UNUSED_FUNCTION = YES;
				GCC_WARN_UNUSED_VARIABLE = YES;
				IPHONEOS_DEPLOYMENT_TARGET = 16.4;
				MTL_ENABLE_DEBUG_INFO = NO;
				MTL_FAST_MATH = YES;
				SDKROOT = iphoneos;
				SWIFT_COMPILATION_MODE = wholemodule;
				SWIFT_OPTIMIZATION_LEVEL = "-O";
				VALIDATE_PRODUCT = YES;
			};
			name = Release;
		};
		58EDC22B2A0568CE009CBE74 /* Debug */ = {
			isa = XCBuildConfiguration;
			buildSettings = {
				ASSETCATALOG_COMPILER_APPICON_NAME = AppIcon;
				ASSETCATALOG_COMPILER_GLOBAL_ACCENT_COLOR_NAME = AccentColor;
				CODE_SIGN_STYLE = Automatic;
				CURRENT_PROJECT_VERSION = 1;
				DEVELOPMENT_TEAM = AVZ72B3AMH;
				GENERATE_INFOPLIST_FILE = YES;
				INFOPLIST_FILE = ReEd_iOS/Info.plist;
				INFOPLIST_KEY_UIApplicationSupportsIndirectInputEvents = YES;
				INFOPLIST_KEY_UILaunchStoryboardName = LaunchScreen;
				INFOPLIST_KEY_UISupportedInterfaceOrientations_iPad = "UIInterfaceOrientationPortrait UIInterfaceOrientationPortraitUpsideDown UIInterfaceOrientationLandscapeLeft UIInterfaceOrientationLandscapeRight";
				INFOPLIST_KEY_UISupportedInterfaceOrientations_iPhone = "UIInterfaceOrientationPortrait UIInterfaceOrientationLandscapeLeft UIInterfaceOrientationLandscapeRight";
				IPHONEOS_DEPLOYMENT_TARGET = 13.0;
				LD_RUNPATH_SEARCH_PATHS = (
					"$(inherited)",
					"@executable_path/Frameworks",
				);
				MARKETING_VERSION = 1.0;
				PRODUCT_BUNDLE_IDENTIFIER = "kimgeonwoo.ReEd-iOS";
				PRODUCT_NAME = "$(TARGET_NAME)";
				SWIFT_EMIT_LOC_STRINGS = YES;
				SWIFT_VERSION = 5.0;
				TARGETED_DEVICE_FAMILY = "1,2";
			};
			name = Debug;
		};
		58EDC22C2A0568CE009CBE74 /* Release */ = {
			isa = XCBuildConfiguration;
			buildSettings = {
				ASSETCATALOG_COMPILER_APPICON_NAME = AppIcon;
				ASSETCATALOG_COMPILER_GLOBAL_ACCENT_COLOR_NAME = AccentColor;
				CODE_SIGN_STYLE = Automatic;
				CURRENT_PROJECT_VERSION = 1;
				DEVELOPMENT_TEAM = AVZ72B3AMH;
				GENERATE_INFOPLIST_FILE = YES;
				INFOPLIST_FILE = ReEd_iOS/Info.plist;
				INFOPLIST_KEY_UIApplicationSupportsIndirectInputEvents = YES;
				INFOPLIST_KEY_UILaunchStoryboardName = LaunchScreen;
				INFOPLIST_KEY_UISupportedInterfaceOrientations_iPad = "UIInterfaceOrientationPortrait UIInterfaceOrientationPortraitUpsideDown UIInterfaceOrientationLandscapeLeft UIInterfaceOrientationLandscapeRight";
				INFOPLIST_KEY_UISupportedInterfaceOrientations_iPhone = "UIInterfaceOrientationPortrait UIInterfaceOrientationLandscapeLeft UIInterfaceOrientationLandscapeRight";
				IPHONEOS_DEPLOYMENT_TARGET = 13.0;
				LD_RUNPATH_SEARCH_PATHS = (
					"$(inherited)",
					"@executable_path/Frameworks",
				);
				MARKETING_VERSION = 1.0;
				PRODUCT_BUNDLE_IDENTIFIER = "kimgeonwoo.ReEd-iOS";
				PRODUCT_NAME = "$(TARGET_NAME)";
				SWIFT_EMIT_LOC_STRINGS = YES;
				SWIFT_VERSION = 5.0;
				TARGETED_DEVICE_FAMILY = "1,2";
			};
			name = Release;
		};
/* End XCBuildConfiguration section */

/* Begin XCConfigurationList section */
		58EDC2112A0568CD009CBE74 /* Build configuration list for PBXProject "ReEd_iOS" */ = {
			isa = XCConfigurationList;
			buildConfigurations = (
				58EDC2282A0568CE009CBE74 /* Debug */,
				58EDC2292A0568CE009CBE74 /* Release */,
			);
			defaultConfigurationIsVisible = 0;
			defaultConfigurationName = Release;
		};
		58EDC22A2A0568CE009CBE74 /* Build configuration list for PBXNativeTarget "ReEd_iOS" */ = {
			isa = XCConfigurationList;
			buildConfigurations = (
				58EDC22B2A0568CE009CBE74 /* Debug */,
				58EDC22C2A0568CE009CBE74 /* Release */,
			);
			defaultConfigurationIsVisible = 0;
			defaultConfigurationName = Release;
		};
/* End XCConfigurationList section */

/* Begin XCRemoteSwiftPackageReference section */
		58EDC22D2A056A7D009CBE74 /* XCRemoteSwiftPackageReference "Then" */ = {
			isa = XCRemoteSwiftPackageReference;
			repositoryURL = "https://github.com/devxoul/Then";
			requirement = {
				kind = upToNextMajorVersion;
				minimumVersion = 3.0.0;
			};
		};
		58EDC2302A056AB1009CBE74 /* XCRemoteSwiftPackageReference "SnapKit" */ = {
			isa = XCRemoteSwiftPackageReference;
			repositoryURL = "https://github.com/SnapKit/SnapKit";
			requirement = {
				kind = upToNextMajorVersion;
				minimumVersion = 5.0.0;
			};
		};
/* End XCRemoteSwiftPackageReference section */

/* Begin XCSwiftPackageProductDependency section */
		58EDC22E2A056A7D009CBE74 /* Then */ = {
			isa = XCSwiftPackageProductDependency;
			package = 58EDC22D2A056A7D009CBE74 /* XCRemoteSwiftPackageReference "Then" */;
			productName = Then;
		};
		58EDC2312A056AB1009CBE74 /* SnapKit */ = {
			isa = XCSwiftPackageProductDependency;
			package = 58EDC2302A056AB1009CBE74 /* XCRemoteSwiftPackageReference "SnapKit" */;
			productName = SnapKit;
		};
/* End XCSwiftPackageProductDependency section */
	};
	rootObject = 58EDC20E2A0568CD009CBE74 /* Project object */;
}
