// !$*UTF8*$!
{
	archiveVersion = 1;
	classes = {
	};
	objectVersion = 56;
	objects = {

/* Begin PBXBuildFile section */
		5864739F2A14A125008120B4 /* LocationViewController.swift in Sources */ = {isa = PBXBuildFile; fileRef = 5864739E2A14A125008120B4 /* LocationViewController.swift */; };
		586473A22A14A3DC008120B4 /* RxCocoa in Frameworks */ = {isa = PBXBuildFile; productRef = 586473A12A14A3DC008120B4 /* RxCocoa */; };
		586473A42A14A3DC008120B4 /* RxRelay in Frameworks */ = {isa = PBXBuildFile; productRef = 586473A32A14A3DC008120B4 /* RxRelay */; };
		586473A62A14A3DC008120B4 /* RxSwift in Frameworks */ = {isa = PBXBuildFile; productRef = 586473A52A14A3DC008120B4 /* RxSwift */; };
		586473A92A15EFFD008120B4 /* JoinViewController.swift in Sources */ = {isa = PBXBuildFile; fileRef = 586473A82A15EFFD008120B4 /* JoinViewController.swift */; };
		58D75C3E2A1E2F3D00D80066 /* Lottie in Frameworks */ = {isa = PBXBuildFile; productRef = 58D75C3D2A1E2F3D00D80066 /* Lottie */; };
		58D75C402A1E30A700D80066 /* LaunchAnimationViewController.swift in Sources */ = {isa = PBXBuildFile; fileRef = 58D75C3F2A1E30A700D80066 /* LaunchAnimationViewController.swift */; };
		58D75C422A1E526200D80066 /* flip_bookloader.json in Resources */ = {isa = PBXBuildFile; fileRef = 58D75C412A1E526200D80066 /* flip_bookloader.json */; };
		58E573442A05843B002C709C /* Alamofire in Frameworks */ = {isa = PBXBuildFile; productRef = 58E573432A05843B002C709C /* Alamofire */; };
		58E573472A05852A002C709C /* TabBarController.swift in Sources */ = {isa = PBXBuildFile; fileRef = 58E573462A058529002C709C /* TabBarController.swift */; };
		58E573492A058590002C709C /* AttendanceViewController.swift in Sources */ = {isa = PBXBuildFile; fileRef = 58E573482A058590002C709C /* AttendanceViewController.swift */; };
		58E5734B2A0585AA002C709C /* ScheduleViewController.swift in Sources */ = {isa = PBXBuildFile; fileRef = 58E5734A2A0585AA002C709C /* ScheduleViewController.swift */; };
		58E5734D2A0585C2002C709C /* GradeViewController.swift in Sources */ = {isa = PBXBuildFile; fileRef = 58E5734C2A0585C2002C709C /* GradeViewController.swift */; };
		58E573512A064CF3002C709C /* LocationModel.swift in Sources */ = {isa = PBXBuildFile; fileRef = 58E573502A064CF3002C709C /* LocationModel.swift */; };
		58E573532A064DA8002C709C /* LocationViewModel.swift in Sources */ = {isa = PBXBuildFile; fileRef = 58E573522A064DA8002C709C /* LocationViewModel.swift */; };
		58E5735A2A06C9DF002C709C /* SettingViewController.swift in Sources */ = {isa = PBXBuildFile; fileRef = 58E573592A06C9DF002C709C /* SettingViewController.swift */; };
		58E5735C2A06E583002C709C /* API.swift in Sources */ = {isa = PBXBuildFile; fileRef = 58E5735B2A06E583002C709C /* API.swift */; };
		58E5735E2A06E6E6002C709C /* LoginViewModel.swift in Sources */ = {isa = PBXBuildFile; fileRef = 58E5735D2A06E6E6002C709C /* LoginViewModel.swift */; };
		58E573642A089709002C709C /* .swiftlint.yml in Resources */ = {isa = PBXBuildFile; fileRef = 58E573632A089709002C709C /* .swiftlint.yml */; };
		58E5736B2A09E0EF002C709C /* LoginModel.swift in Sources */ = {isa = PBXBuildFile; fileRef = 58E5736A2A09E0EF002C709C /* LoginModel.swift */; };
		58E5736D2A0A71B6002C709C /* NoticeViewController.swift in Sources */ = {isa = PBXBuildFile; fileRef = 58E5736C2A0A71B6002C709C /* NoticeViewController.swift */; };
		58EDC21A2A0568CD009CBE74 /* AppDelegate.swift in Sources */ = {isa = PBXBuildFile; fileRef = 58EDC2192A0568CD009CBE74 /* AppDelegate.swift */; };
		58EDC21C2A0568CD009CBE74 /* SceneDelegate.swift in Sources */ = {isa = PBXBuildFile; fileRef = 58EDC21B2A0568CD009CBE74 /* SceneDelegate.swift */; };
		58EDC21E2A0568CD009CBE74 /* ViewController.swift in Sources */ = {isa = PBXBuildFile; fileRef = 58EDC21D2A0568CD009CBE74 /* ViewController.swift */; };
		58EDC2232A0568CE009CBE74 /* Assets.xcassets in Resources */ = {isa = PBXBuildFile; fileRef = 58EDC2222A0568CE009CBE74 /* Assets.xcassets */; };
		58EDC2262A0568CE009CBE74 /* LaunchScreen.storyboard in Resources */ = {isa = PBXBuildFile; fileRef = 58EDC2242A0568CE009CBE74 /* LaunchScreen.storyboard */; };
		58EDC22F2A056A7D009CBE74 /* Then in Frameworks */ = {isa = PBXBuildFile; productRef = 58EDC22E2A056A7D009CBE74 /* Then */; };
		58EDC2322A056AB1009CBE74 /* SnapKit in Frameworks */ = {isa = PBXBuildFile; productRef = 58EDC2312A056AB1009CBE74 /* SnapKit */; };
		58EDC2402A057FE3009CBE74 /* logo.png in Resources */ = {isa = PBXBuildFile; fileRef = 58EDC23F2A057FE3009CBE74 /* logo.png */; };
/* End PBXBuildFile section */

/* Begin PBXFileReference section */
		5864739E2A14A125008120B4 /* LocationViewController.swift */ = {isa = PBXFileReference; lastKnownFileType = sourcecode.swift; path = LocationViewController.swift; sourceTree = "<group>"; };
		586473A82A15EFFD008120B4 /* JoinViewController.swift */ = {isa = PBXFileReference; lastKnownFileType = sourcecode.swift; path = JoinViewController.swift; sourceTree = "<group>"; };
		58D75C3F2A1E30A700D80066 /* LaunchAnimationViewController.swift */ = {isa = PBXFileReference; lastKnownFileType = sourcecode.swift; path = LaunchAnimationViewController.swift; sourceTree = "<group>"; };
		58D75C412A1E526200D80066 /* flip_bookloader.json */ = {isa = PBXFileReference; fileEncoding = 4; lastKnownFileType = text.json; name = flip_bookloader.json; path = ../../../../Downloads/flip_bookloader.json; sourceTree = "<group>"; };
		58E573462A058529002C709C /* TabBarController.swift */ = {isa = PBXFileReference; lastKnownFileType = sourcecode.swift; path = TabBarController.swift; sourceTree = "<group>"; };
		58E573482A058590002C709C /* AttendanceViewController.swift */ = {isa = PBXFileReference; lastKnownFileType = sourcecode.swift; path = AttendanceViewController.swift; sourceTree = "<group>"; };
		58E5734A2A0585AA002C709C /* ScheduleViewController.swift */ = {isa = PBXFileReference; lastKnownFileType = sourcecode.swift; path = ScheduleViewController.swift; sourceTree = "<group>"; };
		58E5734C2A0585C2002C709C /* GradeViewController.swift */ = {isa = PBXFileReference; lastKnownFileType = sourcecode.swift; path = GradeViewController.swift; sourceTree = "<group>"; };
		58E573502A064CF3002C709C /* LocationModel.swift */ = {isa = PBXFileReference; lastKnownFileType = sourcecode.swift; path = LocationModel.swift; sourceTree = "<group>"; };
		58E573522A064DA8002C709C /* LocationViewModel.swift */ = {isa = PBXFileReference; lastKnownFileType = sourcecode.swift; path = LocationViewModel.swift; sourceTree = "<group>"; };
		58E573592A06C9DF002C709C /* SettingViewController.swift */ = {isa = PBXFileReference; lastKnownFileType = sourcecode.swift; path = SettingViewController.swift; sourceTree = "<group>"; };
		58E5735B2A06E583002C709C /* API.swift */ = {isa = PBXFileReference; lastKnownFileType = sourcecode.swift; path = API.swift; sourceTree = "<group>"; };
		58E5735D2A06E6E6002C709C /* LoginViewModel.swift */ = {isa = PBXFileReference; lastKnownFileType = sourcecode.swift; path = LoginViewModel.swift; sourceTree = "<group>"; };
		58E573632A089709002C709C /* .swiftlint.yml */ = {isa = PBXFileReference; lastKnownFileType = text.yaml; path = .swiftlint.yml; sourceTree = "<group>"; };
		58E5736A2A09E0EF002C709C /* LoginModel.swift */ = {isa = PBXFileReference; lastKnownFileType = sourcecode.swift; path = LoginModel.swift; sourceTree = "<group>"; };
		58E5736C2A0A71B6002C709C /* NoticeViewController.swift */ = {isa = PBXFileReference; lastKnownFileType = sourcecode.swift; path = NoticeViewController.swift; sourceTree = "<group>"; };
		58EDC2162A0568CD009CBE74 /* ReEd_iOS.app */ = {isa = PBXFileReference; explicitFileType = wrapper.application; includeInIndex = 0; path = ReEd_iOS.app; sourceTree = BUILT_PRODUCTS_DIR; };
		58EDC2192A0568CD009CBE74 /* AppDelegate.swift */ = {isa = PBXFileReference; lastKnownFileType = sourcecode.swift; path = AppDelegate.swift; sourceTree = "<group>"; };
		58EDC21B2A0568CD009CBE74 /* SceneDelegate.swift */ = {isa = PBXFileReference; lastKnownFileType = sourcecode.swift; path = SceneDelegate.swift; sourceTree = "<group>"; };
		58EDC21D2A0568CD009CBE74 /* ViewController.swift */ = {isa = PBXFileReference; lastKnownFileType = sourcecode.swift; path = ViewController.swift; sourceTree = "<group>"; };
		58EDC2222A0568CE009CBE74 /* Assets.xcassets */ = {isa = PBXFileReference; lastKnownFileType = folder.assetcatalog; path = Assets.xcassets; sourceTree = "<group>"; };
		58EDC2252A0568CE009CBE74 /* Base */ = {isa = PBXFileReference; lastKnownFileType = file.storyboard; name = Base; path = Base.lproj/LaunchScreen.storyboard; sourceTree = "<group>"; };
		58EDC2272A0568CE009CBE74 /* Info.plist */ = {isa = PBXFileReference; lastKnownFileType = text.plist.xml; path = Info.plist; sourceTree = "<group>"; };
		58EDC23F2A057FE3009CBE74 /* logo.png */ = {isa = PBXFileReference; lastKnownFileType = image.png; name = logo.png; path = "../../../../Downloads/ReEd 로고 2/배경투명 밑에 글씨/logo.png"; sourceTree = "<group>"; };
/* End PBXFileReference section */

/* Begin PBXFrameworksBuildPhase section */
		58EDC2132A0568CD009CBE74 /* Frameworks */ = {
			isa = PBXFrameworksBuildPhase;
			buildActionMask = 2147483647;
			files = (
				586473A62A14A3DC008120B4 /* RxSwift in Frameworks */,
				58D75C3E2A1E2F3D00D80066 /* Lottie in Frameworks */,
				586473A42A14A3DC008120B4 /* RxRelay in Frameworks */,
				58E573442A05843B002C709C /* Alamofire in Frameworks */,
				58EDC22F2A056A7D009CBE74 /* Then in Frameworks */,
				586473A22A14A3DC008120B4 /* RxCocoa in Frameworks */,
				58EDC2322A056AB1009CBE74 /* SnapKit in Frameworks */,
			);
			runOnlyForDeploymentPostprocessing = 0;
		};
/* End PBXFrameworksBuildPhase section */

/* Begin PBXGroup section */
		586473A72A15EFDB008120B4 /* Login */ = {
			isa = PBXGroup;
			children = (
				58EDC21D2A0568CD009CBE74 /* ViewController.swift */,
				586473A82A15EFFD008120B4 /* JoinViewController.swift */,
			);
			path = Login;
			sourceTree = "<group>";
		};
		58E573452A0584F0002C709C /* Tabbar */ = {
			isa = PBXGroup;
			children = (
				58E573462A058529002C709C /* TabBarController.swift */,
				58E573482A058590002C709C /* AttendanceViewController.swift */,
				58E5734A2A0585AA002C709C /* ScheduleViewController.swift */,
				58E5734C2A0585C2002C709C /* GradeViewController.swift */,
				58E573592A06C9DF002C709C /* SettingViewController.swift */,
				58E5736C2A0A71B6002C709C /* NoticeViewController.swift */,
			);
			path = Tabbar;
			sourceTree = "<group>";
		};
		58EDC20D2A0568CD009CBE74 = {
			isa = PBXGroup;
			children = (
				58EDC2182A0568CD009CBE74 /* ReEd_iOS */,
				58EDC2172A0568CD009CBE74 /* Products */,
			);
			sourceTree = "<group>";
		};
		58EDC2172A0568CD009CBE74 /* Products */ = {
			isa = PBXGroup;
			children = (
				58EDC2162A0568CD009CBE74 /* ReEd_iOS.app */,
			);
			name = Products;
			sourceTree = "<group>";
		};
		58EDC2182A0568CD009CBE74 /* ReEd_iOS */ = {
			isa = PBXGroup;
			children = (
				58EDC2352A057EB3009CBE74 /* Application */,
				58EDC2372A057ED2009CBE74 /* Extensions */,
				58EDC2392A057EF4009CBE74 /* Resource */,
				58EDC2382A057EE8009CBE74 /* Screens */,
				58EDC2362A057EC8009CBE74 /* Network */,
				58EDC2272A0568CE009CBE74 /* Info.plist */,
				58E573632A089709002C709C /* .swiftlint.yml */,
			);
			path = ReEd_iOS;
			sourceTree = "<group>";
		};
		58EDC2352A057EB3009CBE74 /* Application */ = {
			isa = PBXGroup;
			children = (
				58EDC2192A0568CD009CBE74 /* AppDelegate.swift */,
				58EDC21B2A0568CD009CBE74 /* SceneDelegate.swift */,
			);
			path = Application;
			sourceTree = "<group>";
		};
		58EDC2362A057EC8009CBE74 /* Network */ = {
			isa = PBXGroup;
			children = (
			);
			path = Network;
			sourceTree = "<group>";
		};
		58EDC2372A057ED2009CBE74 /* Extensions */ = {
			isa = PBXGroup;
			children = (
			);
			path = Extensions;
			sourceTree = "<group>";
		};
		58EDC2382A057EE8009CBE74 /* Screens */ = {
			isa = PBXGroup;
			children = (
				58EDC23E2A057F6A009CBE74 /* Launch */,
				58EDC23B2A057F3F009CBE74 /* Model */,
				58EDC23D2A057F53009CBE74 /* View */,
				58EDC23C2A057F46009CBE74 /* ViewModel */,
			);
			path = Screens;
			sourceTree = "<group>";
		};
		58EDC2392A057EF4009CBE74 /* Resource */ = {
			isa = PBXGroup;
			children = (
				58D75C412A1E526200D80066 /* flip_bookloader.json */,
				58EDC23F2A057FE3009CBE74 /* logo.png */,
				58EDC2222A0568CE009CBE74 /* Assets.xcassets */,
			);
			path = Resource;
			sourceTree = "<group>";
		};
		58EDC23B2A057F3F009CBE74 /* Model */ = {
			isa = PBXGroup;
			children = (
				58E573502A064CF3002C709C /* LocationModel.swift */,
				58E5735B2A06E583002C709C /* API.swift */,
				58E5736A2A09E0EF002C709C /* LoginModel.swift */,
			);
			path = Model;
			sourceTree = "<group>";
		};
		58EDC23C2A057F46009CBE74 /* ViewModel */ = {
			isa = PBXGroup;
			children = (
				58E573522A064DA8002C709C /* LocationViewModel.swift */,
				58E5735D2A06E6E6002C709C /* LoginViewModel.swift */,
			);
			path = ViewModel;
			sourceTree = "<group>";
		};
		58EDC23D2A057F53009CBE74 /* View */ = {
			isa = PBXGroup;
			children = (
				586473A72A15EFDB008120B4 /* Login */,
				58E573452A0584F0002C709C /* Tabbar */,
				5864739E2A14A125008120B4 /* LocationViewController.swift */,
			);
			path = View;
			sourceTree = "<group>";
		};
		58EDC23E2A057F6A009CBE74 /* Launch */ = {
			isa = PBXGroup;
			children = (
				58EDC2242A0568CE009CBE74 /* LaunchScreen.storyboard */,
				58D75C3F2A1E30A700D80066 /* LaunchAnimationViewController.swift */,
			);
			path = Launch;
			sourceTree = "<group>";
		};
/* End PBXGroup section */

/* Begin PBXNativeTarget section */
		58EDC2152A0568CD009CBE74 /* ReEd_iOS */ = {
			isa = PBXNativeTarget;
			buildConfigurationList = 58EDC22A2A0568CE009CBE74 /* Build configuration list for PBXNativeTarget "ReEd_iOS" */;
			buildPhases = (
				58EDC2122A0568CD009CBE74 /* Sources */,
				58EDC2132A0568CD009CBE74 /* Frameworks */,
				58EDC2142A0568CD009CBE74 /* Resources */,
				58E5735F2A0871FB002C709C /* ShellScript */,
			);
			buildRules = (
			);
			dependencies = (
			);
			name = ReEd_iOS;
			packageProductDependencies = (
				58EDC22E2A056A7D009CBE74 /* Then */,
				58EDC2312A056AB1009CBE74 /* SnapKit */,
				58E573432A05843B002C709C /* Alamofire */,
				586473A12A14A3DC008120B4 /* RxCocoa */,
				586473A32A14A3DC008120B4 /* RxRelay */,
				586473A52A14A3DC008120B4 /* RxSwift */,
				58D75C3D2A1E2F3D00D80066 /* Lottie */,
			);
			productName = ReEd_iOS;
			productReference = 58EDC2162A0568CD009CBE74 /* ReEd_iOS.app */;
			productType = "com.apple.product-type.application";
		};
/* End PBXNativeTarget section */

/* Begin PBXProject section */
		58EDC20E2A0568CD009CBE74 /* Project object */ = {
			isa = PBXProject;
			attributes = {
				BuildIndependentTargetsInParallel = 1;
				LastSwiftUpdateCheck = 1430;
				LastUpgradeCheck = 1430;
				TargetAttributes = {
					58EDC2152A0568CD009CBE74 = {
						CreatedOnToolsVersion = 14.3;
					};
				};
			};
			buildConfigurationList = 58EDC2112A0568CD009CBE74 /* Build configuration list for PBXProject "ReEd_iOS" */;
			compatibilityVersion = "Xcode 14.0";
			developmentRegion = en;
			hasScannedForEncodings = 0;
			knownRegions = (
				en,
				Base,
			);
			mainGroup = 58EDC20D2A0568CD009CBE74;
			packageReferences = (
				58EDC22D2A056A7D009CBE74 /* XCRemoteSwiftPackageReference "Then" */,
				58EDC2302A056AB1009CBE74 /* XCRemoteSwiftPackageReference "SnapKit" */,
				58E573422A05843B002C709C /* XCRemoteSwiftPackageReference "Alamofire" */,
				586473A02A14A3DC008120B4 /* XCRemoteSwiftPackageReference "RxSwift" */,
				58D75C3C2A1E2F3D00D80066 /* XCRemoteSwiftPackageReference "lottie-ios" */,
			);
			productRefGroup = 58EDC2172A0568CD009CBE74 /* Products */;
			projectDirPath = "";
			projectRoot = "";
			targets = (
				58EDC2152A0568CD009CBE74 /* ReEd_iOS */,
			);
		};
/* End PBXProject section */

/* Begin PBXResourcesBuildPhase section */
		58EDC2142A0568CD009CBE74 /* Resources */ = {
			isa = PBXResourcesBuildPhase;
			buildActionMask = 2147483647;
			files = (
				58E573642A089709002C709C /* .swiftlint.yml in Resources */,
				58EDC2402A057FE3009CBE74 /* logo.png in Resources */,
				58D75C422A1E526200D80066 /* flip_bookloader.json in Resources */,
				58EDC2262A0568CE009CBE74 /* LaunchScreen.storyboard in Resources */,
				58EDC2232A0568CE009CBE74 /* Assets.xcassets in Resources */,
			);
			runOnlyForDeploymentPostprocessing = 0;
		};
/* End PBXResourcesBuildPhase section */

/* Begin PBXShellScriptBuildPhase section */
		58E5735F2A0871FB002C709C /* ShellScript */ = {
			isa = PBXShellScriptBuildPhase;
			alwaysOutOfDate = 1;
			buildActionMask = 2147483647;
			files = (
			);
			inputFileListPaths = (
			);
			inputPaths = (
			);
			outputFileListPaths = (
			);
			outputPaths = (
			);
			runOnlyForDeploymentPostprocessing = 0;
			shellPath = /bin/sh;
			shellScript = "# Type a script or drag a script file from your workspace to insert its path.\nif test -d \"/opt/homebrew/bin/\"; then\n  PATH=\"/opt/homebrew/bin/:${PATH}\"\nfi\n\nexport PATH\n\nif which swiftlint >/dev/null; then\n  swiftlint\nelse\n  echo \"warning: SwiftLint not installed, download from https://github.com/realm/SwiftLint\"\nfi\n";
		};
/* End PBXShellScriptBuildPhase section */

/* Begin PBXSourcesBuildPhase section */
		58EDC2122A0568CD009CBE74 /* Sources */ = {
			isa = PBXSourcesBuildPhase;
			buildActionMask = 2147483647;
			files = (
				5864739F2A14A125008120B4 /* LocationViewController.swift in Sources */,
				58D75C402A1E30A700D80066 /* LaunchAnimationViewController.swift in Sources */,
				58E573512A064CF3002C709C /* LocationModel.swift in Sources */,
				586473A92A15EFFD008120B4 /* JoinViewController.swift in Sources */,
				58E5736B2A09E0EF002C709C /* LoginModel.swift in Sources */,
				58E5734B2A0585AA002C709C /* ScheduleViewController.swift in Sources */,
				58E5736D2A0A71B6002C709C /* NoticeViewController.swift in Sources */,
				58E573532A064DA8002C709C /* LocationViewModel.swift in Sources */,
				58E573492A058590002C709C /* AttendanceViewController.swift in Sources */,
				58EDC21E2A0568CD009CBE74 /* ViewController.swift in Sources */,
				58E5735A2A06C9DF002C709C /* SettingViewController.swift in Sources */,
				58E5734D2A0585C2002C709C /* GradeViewController.swift in Sources */,
				58E5735E2A06E6E6002C709C /* LoginViewModel.swift in Sources */,
				58E573472A05852A002C709C /* TabBarController.swift in Sources */,
				58EDC21A2A0568CD009CBE74 /* AppDelegate.swift in Sources */,
				58E5735C2A06E583002C709C /* API.swift in Sources */,
				58EDC21C2A0568CD009CBE74 /* SceneDelegate.swift in Sources */,
			);
			runOnlyForDeploymentPostprocessing = 0;
		};
/* End PBXSourcesBuildPhase section */

/* Begin PBXVariantGroup section */
		58EDC2242A0568CE009CBE74 /* LaunchScreen.storyboard */ = {
			isa = PBXVariantGroup;
			children = (
				58EDC2252A0568CE009CBE74 /* Base */,
			);
			name = LaunchScreen.storyboard;
			sourceTree = "<group>";
		};
/* End PBXVariantGroup section */

/* Begin XCBuildConfiguration section */
		58EDC2282A0568CE009CBE74 /* Debug */ = {
			isa = XCBuildConfiguration;
			buildSettings = {
				ALWAYS_SEARCH_USER_PATHS = NO;
				CLANG_ANALYZER_NONNULL = YES;
				CLANG_ANALYZER_NUMBER_OBJECT_CONVERSION = YES_AGGRESSIVE;
				CLANG_CXX_LANGUAGE_STANDARD = "gnu++20";
				CLANG_ENABLE_MODULES = YES;
				CLANG_ENABLE_OBJC_ARC = YES;
				CLANG_ENABLE_OBJC_WEAK = YES;
				CLANG_WARN_BLOCK_CAPTURE_AUTORELEASING = YES;
				CLANG_WARN_BOOL_CONVERSION = YES;
				CLANG_WARN_COMMA = YES;
				CLANG_WARN_CONSTANT_CONVERSION = YES;
				CLANG_WARN_DEPRECATED_OBJC_IMPLEMENTATIONS = YES;
				CLANG_WARN_DIRECT_OBJC_ISA_USAGE = YES_ERROR;
				CLANG_WARN_DOCUMENTATION_COMMENTS = YES;
				CLANG_WARN_EMPTY_BODY = YES;
				CLANG_WARN_ENUM_CONVERSION = YES;
				CLANG_WARN_INFINITE_RECURSION = YES;
				CLANG_WARN_INT_CONVERSION = YES;
				CLANG_WARN_NON_LITERAL_NULL_CONVERSION = YES;
				CLANG_WARN_OBJC_IMPLICIT_RETAIN_SELF = YES;
				CLANG_WARN_OBJC_LITERAL_CONVERSION = YES;
				CLANG_WARN_OBJC_ROOT_CLASS = YES_ERROR;
				CLANG_WARN_QUOTED_INCLUDE_IN_FRAMEWORK_HEADER = YES;
				CLANG_WARN_RANGE_LOOP_ANALYSIS = YES;
				CLANG_WARN_STRICT_PROTOTYPES = YES;
				CLANG_WARN_SUSPICIOUS_MOVE = YES;
				CLANG_WARN_UNGUARDED_AVAILABILITY = YES_AGGRESSIVE;
				CLANG_WARN_UNREACHABLE_CODE = YES;
				CLANG_WARN__DUPLICATE_METHOD_MATCH = YES;
				COPY_PHASE_STRIP = NO;
				DEBUG_INFORMATION_FORMAT = dwarf;
				ENABLE_STRICT_OBJC_MSGSEND = YES;
				ENABLE_TESTABILITY = YES;
				GCC_C_LANGUAGE_STANDARD = gnu11;
				GCC_DYNAMIC_NO_PIC = NO;
				GCC_NO_COMMON_BLOCKS = YES;
				GCC_OPTIMIZATION_LEVEL = 0;
				GCC_PREPROCESSOR_DEFINITIONS = (
					"DEBUG=1",
					"$(inherited)",
				);
				GCC_WARN_64_TO_32_BIT_CONVERSION = YES;
				GCC_WARN_ABOUT_RETURN_TYPE = YES_ERROR;
				GCC_WARN_UNDECLARED_SELECTOR = YES;
				GCC_WARN_UNINITIALIZED_AUTOS = YES_AGGRESSIVE;
				GCC_WARN_UNUSED_FUNCTION = YES;
				GCC_WARN_UNUSED_VARIABLE = YES;
				IPHONEOS_DEPLOYMENT_TARGET = 16.4;
				MTL_ENABLE_DEBUG_INFO = INCLUDE_SOURCE;
				MTL_FAST_MATH = YES;
				ONLY_ACTIVE_ARCH = YES;
				SDKROOT = iphoneos;
				SWIFT_ACTIVE_COMPILATION_CONDITIONS = DEBUG;
				SWIFT_OPTIMIZATION_LEVEL = "-Onone";
			};
			name = Debug;
		};
		58EDC2292A0568CE009CBE74 /* Release */ = {
			isa = XCBuildConfiguration;
			buildSettings = {
				ALWAYS_SEARCH_USER_PATHS = NO;
				CLANG_ANALYZER_NONNULL = YES;
				CLANG_ANALYZER_NUMBER_OBJECT_CONVERSION = YES_AGGRESSIVE;
				CLANG_CXX_LANGUAGE_STANDARD = "gnu++20";
				CLANG_ENABLE_MODULES = YES;
				CLANG_ENABLE_OBJC_ARC = YES;
				CLANG_ENABLE_OBJC_WEAK = YES;
				CLANG_WARN_BLOCK_CAPTURE_AUTORELEASING = YES;
				CLANG_WARN_BOOL_CONVERSION = YES;
				CLANG_WARN_COMMA = YES;
				CLANG_WARN_CONSTANT_CONVERSION = YES;
				CLANG_WARN_DEPRECATED_OBJC_IMPLEMENTATIONS = YES;
				CLANG_WARN_DIRECT_OBJC_ISA_USAGE = YES_ERROR;
				CLANG_WARN_DOCUMENTATION_COMMENTS = YES;
				CLANG_WARN_EMPTY_BODY = YES;
				CLANG_WARN_ENUM_CONVERSION = YES;
				CLANG_WARN_INFINITE_RECURSION = YES;
				CLANG_WARN_INT_CONVERSION = YES;
				CLANG_WARN_NON_LITERAL_NULL_CONVERSION = YES;
				CLANG_WARN_OBJC_IMPLICIT_RETAIN_SELF = YES;
				CLANG_WARN_OBJC_LITERAL_CONVERSION = YES;
				CLANG_WARN_OBJC_ROOT_CLASS = YES_ERROR;
				CLANG_WARN_QUOTED_INCLUDE_IN_FRAMEWORK_HEADER = YES;
				CLANG_WARN_RANGE_LOOP_ANALYSIS = YES;
				CLANG_WARN_STRICT_PROTOTYPES = YES;
				CLANG_WARN_SUSPICIOUS_MOVE = YES;
				CLANG_WARN_UNGUARDED_AVAILABILITY = YES_AGGRESSIVE;
				CLANG_WARN_UNREACHABLE_CODE = YES;
				CLANG_WARN__DUPLICATE_METHOD_MATCH = YES;
				COPY_PHASE_STRIP = NO;
				DEBUG_INFORMATION_FORMAT = "dwarf-with-dsym";
				ENABLE_NS_ASSERTIONS = NO;
				ENABLE_STRICT_OBJC_MSGSEND = YES;
				GCC_C_LANGUAGE_STANDARD = gnu11;
				GCC_NO_COMMON_BLOCKS = YES;
				GCC_WARN_64_TO_32_BIT_CONVERSION = YES;
				GCC_WARN_ABOUT_RETURN_TYPE = YES_ERROR;
				GCC_WARN_UNDECLARED_SELECTOR = YES;
				GCC_WARN_UNINITIALIZED_AUTOS = YES_AGGRESSIVE;
				GCC_WARN_UNUSED_FUNCTION = YES;
				GCC_WARN_UNUSED_VARIABLE = YES;
				IPHONEOS_DEPLOYMENT_TARGET = 16.4;
				MTL_ENABLE_DEBUG_INFO = NO;
				MTL_FAST_MATH = YES;
				SDKROOT = iphoneos;
				SWIFT_COMPILATION_MODE = wholemodule;
				SWIFT_OPTIMIZATION_LEVEL = "-O";
				VALIDATE_PRODUCT = YES;
			};
			name = Release;
		};
		58EDC22B2A0568CE009CBE74 /* Debug */ = {
			isa = XCBuildConfiguration;
			buildSettings = {
				ASSETCATALOG_COMPILER_APPICON_NAME = AppIcon;
				ASSETCATALOG_COMPILER_GLOBAL_ACCENT_COLOR_NAME = AccentColor;
				CODE_SIGN_STYLE = Automatic;
				CURRENT_PROJECT_VERSION = 1;
				DEVELOPMENT_TEAM = AVZ72B3AMH;
				GENERATE_INFOPLIST_FILE = YES;
				INFOPLIST_FILE = ReEd_iOS/Info.plist;
				INFOPLIST_KEY_UIApplicationSupportsIndirectInputEvents = YES;
				INFOPLIST_KEY_UILaunchStoryboardName = LaunchScreen;
				INFOPLIST_KEY_UISupportedInterfaceOrientations_iPad = "UIInterfaceOrientationPortrait UIInterfaceOrientationPortraitUpsideDown UIInterfaceOrientationLandscapeLeft UIInterfaceOrientationLandscapeRight";
				INFOPLIST_KEY_UISupportedInterfaceOrientations_iPhone = "UIInterfaceOrientationPortrait UIInterfaceOrientationLandscapeLeft UIInterfaceOrientationLandscapeRight";
				IPHONEOS_DEPLOYMENT_TARGET = 13.0;
				LD_RUNPATH_SEARCH_PATHS = (
					"$(inherited)",
					"@executable_path/Frameworks",
				);
				MARKETING_VERSION = 1.0;
				PRODUCT_BUNDLE_IDENTIFIER = "kimgeonwoo.ReEd-iOS";
				PRODUCT_NAME = "$(TARGET_NAME)";
				SWIFT_EMIT_LOC_STRINGS = YES;
				SWIFT_VERSION = 5.0;
				TARGETED_DEVICE_FAMILY = "1,2";
			};
			name = Debug;
		};
		58EDC22C2A0568CE009CBE74 /* Release */ = {
			isa = XCBuildConfiguration;
			buildSettings = {
				ASSETCATALOG_COMPILER_APPICON_NAME = AppIcon;
				ASSETCATALOG_COMPILER_GLOBAL_ACCENT_COLOR_NAME = AccentColor;
				CODE_SIGN_STYLE = Automatic;
				CURRENT_PROJECT_VERSION = 1;
				DEVELOPMENT_TEAM = AVZ72B3AMH;
				GENERATE_INFOPLIST_FILE = YES;
				INFOPLIST_FILE = ReEd_iOS/Info.plist;
				INFOPLIST_KEY_UIApplicationSupportsIndirectInputEvents = YES;
				INFOPLIST_KEY_UILaunchStoryboardName = LaunchScreen;
				INFOPLIST_KEY_UISupportedInterfaceOrientations_iPad = "UIInterfaceOrientationPortrait UIInterfaceOrientationPortraitUpsideDown UIInterfaceOrientationLandscapeLeft UIInterfaceOrientationLandscapeRight";
				INFOPLIST_KEY_UISupportedInterfaceOrientations_iPhone = "UIInterfaceOrientationPortrait UIInterfaceOrientationLandscapeLeft UIInterfaceOrientationLandscapeRight";
				IPHONEOS_DEPLOYMENT_TARGET = 13.0;
				LD_RUNPATH_SEARCH_PATHS = (
					"$(inherited)",
					"@executable_path/Frameworks",
				);
				MARKETING_VERSION = 1.0;
				PRODUCT_BUNDLE_IDENTIFIER = "kimgeonwoo.ReEd-iOS";
				PRODUCT_NAME = "$(TARGET_NAME)";
				SWIFT_EMIT_LOC_STRINGS = YES;
				SWIFT_VERSION = 5.0;
				TARGETED_DEVICE_FAMILY = "1,2";
			};
			name = Release;
		};
/* End XCBuildConfiguration section */

/* Begin XCConfigurationList section */
		58EDC2112A0568CD009CBE74 /* Build configuration list for PBXProject "ReEd_iOS" */ = {
			isa = XCConfigurationList;
			buildConfigurations = (
				58EDC2282A0568CE009CBE74 /* Debug */,
				58EDC2292A0568CE009CBE74 /* Release */,
			);
			defaultConfigurationIsVisible = 0;
			defaultConfigurationName = Release;
		};
		58EDC22A2A0568CE009CBE74 /* Build configuration list for PBXNativeTarget "ReEd_iOS" */ = {
			isa = XCConfigurationList;
			buildConfigurations = (
				58EDC22B2A0568CE009CBE74 /* Debug */,
				58EDC22C2A0568CE009CBE74 /* Release */,
			);
			defaultConfigurationIsVisible = 0;
			defaultConfigurationName = Release;
		};
/* End XCConfigurationList section */

/* Begin XCRemoteSwiftPackageReference section */
		586473A02A14A3DC008120B4 /* XCRemoteSwiftPackageReference "RxSwift" */ = {
			isa = XCRemoteSwiftPackageReference;
			repositoryURL = "https://github.com/ReactiveX/RxSwift.git";
			requirement = {
				kind = upToNextMajorVersion;
				minimumVersion = 6.0.0;
			};
		};
		58D75C3C2A1E2F3D00D80066 /* XCRemoteSwiftPackageReference "lottie-ios" */ = {
			isa = XCRemoteSwiftPackageReference;
			repositoryURL = "https://github.com/airbnb/lottie-ios";
			requirement = {
				kind = upToNextMajorVersion;
				minimumVersion = 4.0.0;
			};
		};
		58E573422A05843B002C709C /* XCRemoteSwiftPackageReference "Alamofire" */ = {
			isa = XCRemoteSwiftPackageReference;
			repositoryURL = "https://github.com/Alamofire/Alamofire";
			requirement = {
				kind = upToNextMajorVersion;
				minimumVersion = 5.0.0;
			};
		};
		58EDC22D2A056A7D009CBE74 /* XCRemoteSwiftPackageReference "Then" */ = {
			isa = XCRemoteSwiftPackageReference;
			repositoryURL = "https://github.com/devxoul/Then";
			requirement = {
				kind = upToNextMajorVersion;
				minimumVersion = 3.0.0;
			};
		};
		58EDC2302A056AB1009CBE74 /* XCRemoteSwiftPackageReference "SnapKit" */ = {
			isa = XCRemoteSwiftPackageReference;
			repositoryURL = "https://github.com/SnapKit/SnapKit";
			requirement = {
				kind = upToNextMajorVersion;
				minimumVersion = 5.0.0;
			};
		};
/* End XCRemoteSwiftPackageReference section */

/* Begin XCSwiftPackageProductDependency section */
		586473A12A14A3DC008120B4 /* RxCocoa */ = {
			isa = XCSwiftPackageProductDependency;
			package = 586473A02A14A3DC008120B4 /* XCRemoteSwiftPackageReference "RxSwift" */;
			productName = RxCocoa;
		};
		586473A32A14A3DC008120B4 /* RxRelay */ = {
			isa = XCSwiftPackageProductDependency;
			package = 586473A02A14A3DC008120B4 /* XCRemoteSwiftPackageReference "RxSwift" */;
			productName = RxRelay;
		};
		586473A52A14A3DC008120B4 /* RxSwift */ = {
			isa = XCSwiftPackageProductDependency;
			package = 586473A02A14A3DC008120B4 /* XCRemoteSwiftPackageReference "RxSwift" */;
			productName = RxSwift;
		};
		58D75C3D2A1E2F3D00D80066 /* Lottie */ = {
			isa = XCSwiftPackageProductDependency;
			package = 58D75C3C2A1E2F3D00D80066 /* XCRemoteSwiftPackageReference "lottie-ios" */;
			productName = Lottie;
		};
		58E573432A05843B002C709C /* Alamofire */ = {
			isa = XCSwiftPackageProductDependency;
			package = 58E573422A05843B002C709C /* XCRemoteSwiftPackageReference "Alamofire" */;
			productName = Alamofire;
		};
		58EDC22E2A056A7D009CBE74 /* Then */ = {
			isa = XCSwiftPackageProductDependency;
			package = 58EDC22D2A056A7D009CBE74 /* XCRemoteSwiftPackageReference "Then" */;
			productName = Then;
		};
		58EDC2312A056AB1009CBE74 /* SnapKit */ = {
			isa = XCSwiftPackageProductDependency;
			package = 58EDC2302A056AB1009CBE74 /* XCRemoteSwiftPackageReference "SnapKit" */;
			productName = SnapKit;
		};
/* End XCSwiftPackageProductDependency section */
	};
	rootObject = 58EDC20E2A0568CD009CBE74 /* Project object */;
}
